
Microsoft Visual Studio Solution File, Format Version 12.00
# Visual Studio Version 17
VisualStudioVersion = 17.8.34511.84
MinimumVisualStudioVersion = 10.0.40219.1
Project("{FAE04EC0-301F-11D3-BF4B-00C04F79EFBC}") = "MyLibrary", "MyLibrary\MyLibrary.csproj", "{E36A98E0-F654-43CE-9C8A-1641E66B24FA}"
EndProject
Global
	GlobalSection(SolutionConfigurationPlatforms) = preSolution
		Debug|Any CPU = Debug|Any CPU
		Release|Any CPU = Release|Any CPU
	EndGlobalSection
	GlobalSection(ProjectConfigurationPlatforms) = postSolution
		{E36A98E0-F654-43CE-9C8A-1641E66B24FA}.Debug|Any CPU.ActiveCfg = Debug|Any CPU
		{E36A98E0-F654-43CE-9C8A-1641E66B24FA}.Debug|Any CPU.Build.0 = Debug|Any CPU
		{E36A98E0-F654-43CE-9C8A-1641E66B24FA}.Release|Any CPU.ActiveCfg = Release|Any CPU
		{E36A98E0-F654-43CE-9C8A-1641E66B24FA}.Release|Any CPU.Build.0 = Release|Any CPU
	EndGlobalSection
	GlobalSection(SolutionProperties) = preSolution
		HideSolutionNode = FALSE
	EndGlobalSection
	GlobalSection(ExtensibilityGlobals) = postSolution
		SolutionGuid = {F31764F7-9D5D-4846-A328-3134CB3CF85E}
	EndGlobalSection
EndGlobal
